
Microsoft Visual Studio Solution File, Format Version 12.00
# Visual Studio Version 17
VisualStudioVersion = 17.6.33723.286
MinimumVisualStudioVersion = 10.0.40219.1
Project("{FAE04EC0-301F-11D3-BF4B-00C04F79EFBC}") = "QuangLyNhanVien", "QuangLyNhanVien\QuangLyNhanVien.csproj", "{CE8BFED2-A937-4D1A-8CE8-A1079BDA011F}"
EndProject
Global
	GlobalSection(SolutionConfigurationPlatforms) = preSolution
		Debug|Any CPU = Debug|Any CPU
		Release|Any CPU = Release|Any CPU
	EndGlobalSection
	GlobalSection(ProjectConfigurationPlatforms) = postSolution
		{CE8BFED2-A937-4D1A-8CE8-A1079BDA011F}.Debug|Any CPU.ActiveCfg = Debug|Any CPU
		{CE8BFED2-A937-4D1A-8CE8-A1079BDA011F}.Debug|Any CPU.Build.0 = Debug|Any CPU
		{CE8BFED2-A937-4D1A-8CE8-A1079BDA011F}.Release|Any CPU.ActiveCfg = Release|Any CPU
		{CE8BFED2-A937-4D1A-8CE8-A1079BDA011F}.Release|Any CPU.Build.0 = Release|Any CPU
	EndGlobalSection
	GlobalSection(SolutionProperties) = preSolution
		HideSolutionNode = FALSE
	EndGlobalSection
	GlobalSection(ExtensibilityGlobals) = postSolution
		SolutionGuid = {5279F05E-33A7-4F95-A81F-B60D98204AAD}
	EndGlobalSection
EndGlobal
