
Microsoft Visual Studio Solution File, Format Version 12.00
# Visual Studio Version 16
VisualStudioVersion = 16.0.32901.82
MinimumVisualStudioVersion = 10.0.40219.1
Project("{FAE04EC0-301F-11D3-BF4B-00C04F79EFBC}") = "FirstProgram", "FirstProgram\FirstProgram.csproj", "{0BAE6CC0-6B3F-4DF9-A597-58FBD14492D2}"
EndProject
Global
	GlobalSection(SolutionConfigurationPlatforms) = preSolution
		Debug|Any CPU = Debug|Any CPU
		Release|Any CPU = Release|Any CPU
	EndGlobalSection
	GlobalSection(ProjectConfigurationPlatforms) = postSolution
		{0BAE6CC0-6B3F-4DF9-A597-58FBD14492D2}.Debug|Any CPU.ActiveCfg = Debug|Any CPU
		{0BAE6CC0-6B3F-4DF9-A597-58FBD14492D2}.Debug|Any CPU.Build.0 = Debug|Any CPU
		{0BAE6CC0-6B3F-4DF9-A597-58FBD14492D2}.Release|Any CPU.ActiveCfg = Release|Any CPU
		{0BAE6CC0-6B3F-4DF9-A597-58FBD14492D2}.Release|Any CPU.Build.0 = Release|Any CPU
	EndGlobalSection
	GlobalSection(SolutionProperties) = preSolution
		HideSolutionNode = FALSE
	EndGlobalSection
	GlobalSection(ExtensibilityGlobals) = postSolution
		SolutionGuid = {A06717F4-C454-46E8-BCD5-CB765A9BB9D2}
	EndGlobalSection
EndGlobal
