
Microsoft Visual Studio Solution File, Format Version 12.00
# Visual Studio Version 16
VisualStudioVersion = 16.0.32901.82
MinimumVisualStudioVersion = 10.0.40219.1
Project("{FAE04EC0-301F-11D3-BF4B-00C04F79EFBC}") = "DataStructCopy", "DataStructCopy\DataStructCopy.csproj", "{57F11D6F-CF93-4136-B965-EB9242490B25}"
EndProject
Global
	GlobalSection(SolutionConfigurationPlatforms) = preSolution
		Debug|Any CPU = Debug|Any CPU
		Release|Any CPU = Release|Any CPU
	EndGlobalSection
	GlobalSection(ProjectConfigurationPlatforms) = postSolution
		{57F11D6F-CF93-4136-B965-EB9242490B25}.Debug|Any CPU.ActiveCfg = Debug|Any CPU
		{57F11D6F-CF93-4136-B965-EB9242490B25}.Debug|Any CPU.Build.0 = Debug|Any CPU
		{57F11D6F-CF93-4136-B965-EB9242490B25}.Release|Any CPU.ActiveCfg = Release|Any CPU
		{57F11D6F-CF93-4136-B965-EB9242490B25}.Release|Any CPU.Build.0 = Release|Any CPU
	EndGlobalSection
	GlobalSection(SolutionProperties) = preSolution
		HideSolutionNode = FALSE
	EndGlobalSection
	GlobalSection(ExtensibilityGlobals) = postSolution
		SolutionGuid = {37800E6E-D4AB-4AE5-AC64-4F23D7908721}
	EndGlobalSection
EndGlobal
