
Microsoft Visual Studio Solution File, Format Version 12.00
# Visual Studio Version 17
VisualStudioVersion = 17.6.33723.286
MinimumVisualStudioVersion = 10.0.40219.1
Project("{FAE04EC0-301F-11D3-BF4B-00C04F79EFBC}") = "Tetris", "Tetris\Tetris.csproj", "{D557ECC6-F2E2-4BBD-8146-E9DE1D86F32D}"
EndProject
Global
	GlobalSection(SolutionConfigurationPlatforms) = preSolution
		Debug|Any CPU = Debug|Any CPU
		Release|Any CPU = Release|Any CPU
	EndGlobalSection
	GlobalSection(ProjectConfigurationPlatforms) = postSolution
		{D557ECC6-F2E2-4BBD-8146-E9DE1D86F32D}.Debug|Any CPU.ActiveCfg = Debug|Any CPU
		{D557ECC6-F2E2-4BBD-8146-E9DE1D86F32D}.Debug|Any CPU.Build.0 = Debug|Any CPU
		{D557ECC6-F2E2-4BBD-8146-E9DE1D86F32D}.Release|Any CPU.ActiveCfg = Release|Any CPU
		{D557ECC6-F2E2-4BBD-8146-E9DE1D86F32D}.Release|Any CPU.Build.0 = Release|Any CPU
	EndGlobalSection
	GlobalSection(SolutionProperties) = preSolution
		HideSolutionNode = FALSE
	EndGlobalSection
	GlobalSection(ExtensibilityGlobals) = postSolution
		SolutionGuid = {A55E415D-FC13-4297-B054-09D80386DAB3}
	EndGlobalSection
EndGlobal
